
Microsoft Visual Studio Solution File, Format Version 12.00
# Visual Studio Version 16
VisualStudioVersion = 16.0.28803.452
MinimumVisualStudioVersion = 10.0.40219.1
Project("{FAE04EC0-301F-11D3-BF4B-00C04F79EFBC}") = "CSharp知识点复习01", "CSharp知识点复习01\CSharp知识点复习01.csproj", "{7BCE730D-8944-49F3-B1B2-5FE16266522A}"
EndProject
Project("{FAE04EC0-301F-11D3-BF4B-00C04F79EFBC}") = "01_数据结构知识点复习", "01_数据结构知识点复习\01_数据结构知识点复习.csproj", "{E98C58A2-7D5D-47FB-BC66-B2B9109DEF14}"
EndProject
Project("{FAE04EC0-301F-11D3-BF4B-00C04F79EFBC}") = "01_委托知识点复习", "01_委托知识点复习\01_委托知识点复习.csproj", "{DBEEB212-63A2-4B02-9A53-C48C78B8D47C}"
EndProject
Project("{FAE04EC0-301F-11D3-BF4B-00C04F79EFBC}") = "01_递归知识点复习", "01_递归知识点复习\01_递归知识点复习.csproj", "{A2F349D3-993F-43A6-8F96-2C6343E47F54}"
EndProject
Project("{FAE04EC0-301F-11D3-BF4B-00C04F79EFBC}") = "02_编程练习题复习之变量", "02_编程练习题复习之变量\02_编程练习题复习之变量.csproj", "{76721FDF-C936-43AB-8105-F771D583105A}"
EndProject
Project("{FAE04EC0-301F-11D3-BF4B-00C04F79EFBC}") = "02_算术运算", "02_算术运算\02_算术运算.csproj", "{F76B0BF7-C327-4093-8AB4-D7FEC188FA1E}"
EndProject
Project("{FAE04EC0-301F-11D3-BF4B-00C04F79EFBC}") = "03_委托的知识点复习", "03_委托的知识点复习\03_委托的知识点复习.csproj", "{1D4F8463-BEDD-4B06-9F83-00B251C179F7}"
EndProject
Project("{FAE04EC0-301F-11D3-BF4B-00C04F79EFBC}") = "03_Lamba表达式复习", "03_Lamba表达式复习\03_Lamba表达式复习.csproj", "{652F156B-A7E8-4D49-A2BB-28C2195AF352}"
EndProject
Project("{FAE04EC0-301F-11D3-BF4B-00C04F79EFBC}") = "03_委托的异步调用", "03_委托的异步调用\03_委托的异步调用.csproj", "{023F2FF9-E21C-4885-852B-461FCCD8AC05}"
EndProject
Project("{FAE04EC0-301F-11D3-BF4B-00C04F79EFBC}") = "04_泛型的知识点复习", "04_泛型的知识点复习\04_泛型的知识点复习.csproj", "{C3BBFB36-08B2-497E-9371-A22531430B21}"
EndProject
Project("{FAE04EC0-301F-11D3-BF4B-00C04F79EFBC}") = "02_关系运算符和逻辑运算符的复习", "02_关系运算符和逻辑运算符的复习\02_关系运算符和逻辑运算符的复习.csproj", "{586FCB37-1C07-4068-A43D-90B2675A4201}"
EndProject
Project("{FAE04EC0-301F-11D3-BF4B-00C04F79EFBC}") = "02_分支结构之Switch表达式练习", "02_分支结构之Switch表达式练习\02_分支结构之Switch表达式练习.csproj", "{690975DA-F517-4E7E-A4E0-EA17C1430A09}"
EndProject
Project("{FAE04EC0-301F-11D3-BF4B-00C04F79EFBC}") = "02_循环结构的复习", "02_循环结构的复习\02_循环结构的复习.csproj", "{7959B98C-1510-44CE-A6F3-74A55A140E36}"
EndProject
Project("{FAE04EC0-301F-11D3-BF4B-00C04F79EFBC}") = "03_数据结构的知识点复习", "03_数据结构的知识点复习\03_数据结构的知识点复习.csproj", "{43EDDBBE-130D-4E38-A0FC-01A5A120A8D8}"
EndProject
Project("{FAE04EC0-301F-11D3-BF4B-00C04F79EFBC}") = "01_数据类型的知识点复习", "01_数据类型的知识点复习\01_数据类型的知识点复习.csproj", "{7BC7207D-3250-416A-AB54-986E66DCFE4A}"
EndProject
Project("{FAE04EC0-301F-11D3-BF4B-00C04F79EFBC}") = "05_面向对象之函数的创建与使用", "05_面向对象之函数的创建与使用\05_面向对象之函数的创建与使用.csproj", "{12714E8A-79F0-461E-B426-742D7548F2A1}"
EndProject
Project("{FAE04EC0-301F-11D3-BF4B-00C04F79EFBC}") = "02_文本字符串的一系列处理", "02_文本字符串的一系列处理\02_文本字符串的一系列处理.csproj", "{A224596A-D6E8-43C2-B3E9-0F9C391F3D07}"
EndProject
Project("{FAE04EC0-301F-11D3-BF4B-00C04F79EFBC}") = "05_面向对象程序设计复习", "05_面向对象程序设计复习\05_面向对象程序设计复习.csproj", "{234766F0-B78F-471E-93DF-B1966FA6850C}"
EndProject
Project("{FAE04EC0-301F-11D3-BF4B-00C04F79EFBC}") = "03_Winform两个窗体传值", "03_Winform两个窗体传值\03_Winform两个窗体传值.csproj", "{7B52C03C-CA43-4BD1-AFB4-6068CF3C66D5}"
EndProject
Project("{FAE04EC0-301F-11D3-BF4B-00C04F79EFBC}") = "01_提取计算机系统变量", "01_提取计算机系统变量\01_提取计算机系统变量.csproj", "{EB7EAB0E-9084-4D34-B7D8-C30C9490B2A4}"
EndProject
Project("{FAE04EC0-301F-11D3-BF4B-00C04F79EFBC}") = "05_面向对象之函数的重载", "05_面向对象之函数的重载\05_面向对象之函数的重载.csproj", "{68DA6BA6-FEFC-43E0-B2DE-1C2A907310F9}"
EndProject
Project("{FAE04EC0-301F-11D3-BF4B-00C04F79EFBC}") = "05_面向对象之把玩明白new关键字", "05_面向对象之把玩明白new关键字\05_面向对象之把玩明白new关键字.csproj", "{5563E9C6-866F-4FD0-9247-3BECF72D4D87}"
EndProject
Project("{FAE04EC0-301F-11D3-BF4B-00C04F79EFBC}") = "05_面向对象之抽象化编程_接口回调小例子", "05_面向对象之抽象化编程_接口回调小例子\05_面向对象之抽象化编程_接口回调小例子.csproj", "{4A338FBB-34BD-4B8B-9859-7434B2EF18B8}"
EndProject
Project("{FAE04EC0-301F-11D3-BF4B-00C04F79EFBC}") = "05_面向对象之抽象化编程", "05_面向对象之抽象化编程\05_面向对象之抽象化编程.csproj", "{FF468099-2AF0-4D90-A545-693DB5718AB2}"
EndProject
Project("{FAE04EC0-301F-11D3-BF4B-00C04F79EFBC}") = "05_面向对象之类的实现与接口继承的设计理念", "05_面向对象之类的实现与接口继承的设计理念\05_面向对象之类的实现与接口继承的设计理念.csproj", "{7323BD0E-FF2D-448D-B53E-8313A2595527}"
EndProject
Project("{FAE04EC0-301F-11D3-BF4B-00C04F79EFBC}") = "06_结构化查询之Linq查询", "06_结构化查询之Linq查询\06_结构化查询之Linq查询.csproj", "{40F5A949-0AA2-4449-9966-A82ED87FF3D4}"
EndProject
Project("{FAE04EC0-301F-11D3-BF4B-00C04F79EFBC}") = "01_代码性能测试", "01_代码性能测试\01_代码性能测试.csproj", "{2BF96757-4D8C-4674-A8B3-4E6D1C27A9EC}"
EndProject
Project("{FAE04EC0-301F-11D3-BF4B-00C04F79EFBC}") = "01_数据类型转换", "01_数据类型转换\01_数据类型转换.csproj", "{19208CCC-75C4-4ACD-9EB4-9D978F969B62}"
EndProject
Project("{FAE04EC0-301F-11D3-BF4B-00C04F79EFBC}") = "01_数据类型的装箱和拆箱知识点复习", "01_数据类型的装箱和拆箱知识点复习\01_数据类型的装箱和拆箱知识点复习.csproj", "{7F9F1F3B-975C-4F41-9A57-709BB30575A8}"
EndProject
Project("{FAE04EC0-301F-11D3-BF4B-00C04F79EFBC}") = "02_流程控制之if分支结构", "02_流程控制之if分支结构\02_流程控制之if分支结构.csproj", "{18C6BA84-64C9-4F22-AB4E-40473B7E5219}"
EndProject
Project("{FAE04EC0-301F-11D3-BF4B-00C04F79EFBC}") = "07_设计模式之单例设计模式", "07_设计模式之单例设计模式\07_设计模式之单例设计模式.csproj", "{17BD4B43-FB49-42C2-8D20-702308435322}"
EndProject
Project("{FAE04EC0-301F-11D3-BF4B-00C04F79EFBC}") = "05_面向对象之类", "05_面向对象之类\05_面向对象之类.csproj", "{EFF8E180-52F9-4116-A3F1-6886825A5DE4}"
EndProject
Project("{FAE04EC0-301F-11D3-BF4B-00C04F79EFBC}") = "05_01_面向对象案例之组装电脑", "05_01_面向对象案例之组装电脑\05_01_面向对象案例之组装电脑.csproj", "{599294A7-4A39-4288-A6BB-6A7E18D52DC8}"
EndProject
Project("{FAE04EC0-301F-11D3-BF4B-00C04F79EFBC}") = "05_02_面向对象之收钱借钱模拟", "05_02_面向对象之收钱借钱模拟\05_02_面向对象之收钱借钱模拟.csproj", "{AEB25079-ECF9-4498-A9D1-A19B860B7542}"
EndProject
Project("{FAE04EC0-301F-11D3-BF4B-00C04F79EFBC}") = "04_算法之求质数", "04_算法之求质数\04_算法之求质数.csproj", "{A8AD312F-962D-4F0D-AC90-FB12A8B59D93}"
EndProject
Project("{FAE04EC0-301F-11D3-BF4B-00C04F79EFBC}") = "04_算法之冒泡排序", "04_算法之冒泡排序\04_算法之冒泡排序.csproj", "{A6BFD26B-48F6-4D9E-BE32-EDDAFBE6B0CE}"
EndProject
Project("{FAE04EC0-301F-11D3-BF4B-00C04F79EFBC}") = "06_序列化与反序列化", "06_序列化与反序列化\06_序列化与反序列化.csproj", "{F18F2123-89D1-4CF9-B21C-39474CA1F632}"
EndProject
Project("{FAE04EC0-301F-11D3-BF4B-00C04F79EFBC}") = "06_文件读写", "06_文件读写\06_文件读写.csproj", "{F768DDB9-41D5-4581-8A1C-B0F70AD9F27B}"
EndProject
Project("{FAE04EC0-301F-11D3-BF4B-00C04F79EFBC}") = "06_正则表达式的复习", "06_正则表达式的复习\06_正则表达式的复习.csproj", "{0924A118-6CC7-469B-B711-F161A3F97CC0}"
EndProject
Project("{FAE04EC0-301F-11D3-BF4B-00C04F79EFBC}") = "06_文件读写之XML文档操作", "06_文件读写之XML文档操作\06_文件读写之XML文档操作.csproj", "{47813458-E70C-48D8-9F10-7C9F1A6A9E59}"
EndProject
Project("{FAE04EC0-301F-11D3-BF4B-00C04F79EFBC}") = "06_文件读写之JSON文档操作", "06_文件读写之JSON文档操作\06_文件读写之JSON文档操作.csproj", "{BE456959-5382-48AF-BDB2-265FC2C5D8B2}"
EndProject
Project("{FAE04EC0-301F-11D3-BF4B-00C04F79EFBC}") = "07_01_设计模式之观察者模式", "07_01_设计模式之观察者模式\07_01_设计模式之观察者模式.csproj", "{5BC32657-E666-4A78-B6D4-1CA9909812CD}"
EndProject
Project("{FAE04EC0-301F-11D3-BF4B-00C04F79EFBC}") = "06_文件读写之File类的使用", "06_文件读写之File类的使用\06_文件读写之File类的使用.csproj", "{7999F7C5-073D-423A-9866-5D2B7F1CA86E}"
EndProject
Project("{FAE04EC0-301F-11D3-BF4B-00C04F79EFBC}") = "07_02_设计模式之抽象工厂", "07_02_设计模式之抽象工厂\07_02_设计模式之抽象工厂.csproj", "{8E7E864C-4D74-4BA1-A331-CB121ED4A718}"
EndProject
Project("{FAE04EC0-301F-11D3-BF4B-00C04F79EFBC}") = "05_03_面向对象案例之组装移动设备", "05_03_面向对象案例之组装移动设备\05_03_面向对象案例之组装移动设备.csproj", "{8E476ACF-8E9D-4A33-B8DF-F17B7B9C3C80}"
EndProject
Project("{FAE04EC0-301F-11D3-BF4B-00C04F79EFBC}") = "02_01_模拟计算器", "02_01_模拟计算器\02_01_模拟计算器.csproj", "{9FADF907-607D-4F92-8674-2A9F7F667980}"
EndProject
Project("{FAE04EC0-301F-11D3-BF4B-00C04F79EFBC}") = "05_04_面向对象之类的封装练习", "05_04_面向对象之类的封装练习\05_04_面向对象之类的封装练习.csproj", "{6C1ADEC9-03B0-4BB7-A56D-3C960B8AEC5B}"
EndProject
Project("{FAE04EC0-301F-11D3-BF4B-00C04F79EFBC}") = "06_01_文件读写之FileStream类的使用", "06_01_文件读写之FileStream类的使用\06_01_文件读写之FileStream类的使用.csproj", "{0F5DDF57-2B40-48E3-9348-48049C900A0D}"
EndProject
Project("{FAE04EC0-301F-11D3-BF4B-00C04F79EFBC}") = "05_05_面向对象之类的继承复习", "05_05_面向对象之类的继承复习\05_05_面向对象之类的继承复习.csproj", "{1FD018A4-3190-4315-9E72-14F0B14A0688}"
EndProject
Project("{FAE04EC0-301F-11D3-BF4B-00C04F79EFBC}") = "05_06_面向对象之类的封装机制复习", "05_06_面向对象之类的封装机制复习\05_06_面向对象之类的封装机制复习.csproj", "{4E586EB6-EC01-49C1-9321-7344DB1333E4}"
EndProject
Project("{FAE04EC0-301F-11D3-BF4B-00C04F79EFBC}") = "05_07_面向对象的多态机制复习", "05_07_面向对象的多态机制复习\05_07_面向对象的多态机制复习.csproj", "{13E70725-B0C0-4B5E-A21F-EABE59AF82E3}"
EndProject
Project("{FAE04EC0-301F-11D3-BF4B-00C04F79EFBC}") = "07_01_设计模式之单例设计模式", "07_01_设计模式之单例设计模式\07_01_设计模式之单例设计模式.csproj", "{E8BEA717-7E18-4571-B581-18EB65B2D44F}"
EndProject
Project("{FAE04EC0-301F-11D3-BF4B-00C04F79EFBC}") = "08_01_Ado.Net数据库访问技术", "08_01_Ado.Net数据库访问技术\08_01_Ado.Net数据库访问技术.csproj", "{5B1F2F8B-1F51-491B-A45D-D3936B47BDC7}"
EndProject
Project("{FAE04EC0-301F-11D3-BF4B-00C04F79EFBC}") = "00_01_数据库发访问项目", "00_01_数据库发访问项目\00_01_数据库发访问项目.csproj", "{0DA272C4-2249-40AF-BF96-215721B3A790}"
EndProject
Project("{FAE04EC0-301F-11D3-BF4B-00C04F79EFBC}") = "07_03_设计模式之工厂模式", "07_03_设计模式之工厂模式\07_03_设计模式之工厂模式.csproj", "{9D34C756-DBE7-4376-877B-1636EC384872}"
EndProject
Project("{FAE04EC0-301F-11D3-BF4B-00C04F79EFBC}") = "08_02_三层架构之用户登录", "08_02_三层架构之用户登录\08_02_三层架构之用户登录.csproj", "{4CFCED7A-776A-4C85-B3B0-DDD04B99FE9E}"
EndProject
Project("{FAE04EC0-301F-11D3-BF4B-00C04F79EFBC}") = "01_CSharp的版本迭代", "01_CSharp的版本迭代\01_CSharp的版本迭代.csproj", "{1888A879-7BFB-45D7-AC25-C688F3D0A45B}"
EndProject
Project("{FAE04EC0-301F-11D3-BF4B-00C04F79EFBC}") = "05_万类之祖先Object", "05_万类之祖先Object\05_万类之祖先Object.csproj", "{0DAB6F6A-8987-443D-B056-4F465300A5E3}"
EndProject
Project("{FAE04EC0-301F-11D3-BF4B-00C04F79EFBC}") = "03_基于事件的邮件发送接收模式", "03_基于事件的邮件发送接收模式\03_基于事件的邮件发送接收模式.csproj", "{386546DE-B6E9-48DD-8B8D-E4A13EF37293}"
EndProject
Project("{FAE04EC0-301F-11D3-BF4B-00C04F79EFBC}") = "01_01_数据结构之单链表的实现", "01_01_数据结构之单链表的实现\01_01_数据结构之单链表的实现.csproj", "{C020AB6B-BF62-4834-90DB-18187CC542B5}"
EndProject
Project("{FAE04EC0-301F-11D3-BF4B-00C04F79EFBC}") = "05_数据类型的值类型与引用类型的函数传值", "05_数据类型的值类型与引用类型的函数传值\05_数据类型的值类型与引用类型的函数传值.csproj", "{2F63D04C-0965-4792-AA7F-6EF4435AE334}"
EndProject
Project("{FAE04EC0-301F-11D3-BF4B-00C04F79EFBC}") = "01_02_二维数组的知识点复习", "01_02_二维数组的知识点复习\01_02_二维数组的知识点复习.csproj", "{DEE2EE0F-AEE4-4BB2-9312-E90CC2309447}"
EndProject
Global
	GlobalSection(SolutionConfigurationPlatforms) = preSolution
		Debug|Any CPU = Debug|Any CPU
		Release|Any CPU = Release|Any CPU
	EndGlobalSection
	GlobalSection(ProjectConfigurationPlatforms) = postSolution
		{7BCE730D-8944-49F3-B1B2-5FE16266522A}.Debug|Any CPU.ActiveCfg = Debug|Any CPU
		{7BCE730D-8944-49F3-B1B2-5FE16266522A}.Debug|Any CPU.Build.0 = Debug|Any CPU
		{7BCE730D-8944-49F3-B1B2-5FE16266522A}.Release|Any CPU.ActiveCfg = Release|Any CPU
		{7BCE730D-8944-49F3-B1B2-5FE16266522A}.Release|Any CPU.Build.0 = Release|Any CPU
		{E98C58A2-7D5D-47FB-BC66-B2B9109DEF14}.Debug|Any CPU.ActiveCfg = Debug|Any CPU
		{E98C58A2-7D5D-47FB-BC66-B2B9109DEF14}.Debug|Any CPU.Build.0 = Debug|Any CPU
		{E98C58A2-7D5D-47FB-BC66-B2B9109DEF14}.Release|Any CPU.ActiveCfg = Release|Any CPU
		{E98C58A2-7D5D-47FB-BC66-B2B9109DEF14}.Release|Any CPU.Build.0 = Release|Any CPU
		{DBEEB212-63A2-4B02-9A53-C48C78B8D47C}.Debug|Any CPU.ActiveCfg = Debug|Any CPU
		{DBEEB212-63A2-4B02-9A53-C48C78B8D47C}.Debug|Any CPU.Build.0 = Debug|Any CPU
		{DBEEB212-63A2-4B02-9A53-C48C78B8D47C}.Release|Any CPU.ActiveCfg = Release|Any CPU
		{DBEEB212-63A2-4B02-9A53-C48C78B8D47C}.Release|Any CPU.Build.0 = Release|Any CPU
		{A2F349D3-993F-43A6-8F96-2C6343E47F54}.Debug|Any CPU.ActiveCfg = Debug|Any CPU
		{A2F349D3-993F-43A6-8F96-2C6343E47F54}.Debug|Any CPU.Build.0 = Debug|Any CPU
		{A2F349D3-993F-43A6-8F96-2C6343E47F54}.Release|Any CPU.ActiveCfg = Release|Any CPU
		{A2F349D3-993F-43A6-8F96-2C6343E47F54}.Release|Any CPU.Build.0 = Release|Any CPU
		{76721FDF-C936-43AB-8105-F771D583105A}.Debug|Any CPU.ActiveCfg = Debug|Any CPU
		{76721FDF-C936-43AB-8105-F771D583105A}.Debug|Any CPU.Build.0 = Debug|Any CPU
		{76721FDF-C936-43AB-8105-F771D583105A}.Release|Any CPU.ActiveCfg = Release|Any CPU
		{76721FDF-C936-43AB-8105-F771D583105A}.Release|Any CPU.Build.0 = Release|Any CPU
		{F76B0BF7-C327-4093-8AB4-D7FEC188FA1E}.Debug|Any CPU.ActiveCfg = Debug|Any CPU
		{F76B0BF7-C327-4093-8AB4-D7FEC188FA1E}.Debug|Any CPU.Build.0 = Debug|Any CPU
		{F76B0BF7-C327-4093-8AB4-D7FEC188FA1E}.Release|Any CPU.ActiveCfg = Release|Any CPU
		{F76B0BF7-C327-4093-8AB4-D7FEC188FA1E}.Release|Any CPU.Build.0 = Release|Any CPU
		{1D4F8463-BEDD-4B06-9F83-00B251C179F7}.Debug|Any CPU.ActiveCfg = Debug|Any CPU
		{1D4F8463-BEDD-4B06-9F83-00B251C179F7}.Debug|Any CPU.Build.0 = Debug|Any CPU
		{1D4F8463-BEDD-4B06-9F83-00B251C179F7}.Release|Any CPU.ActiveCfg = Release|Any CPU
		{1D4F8463-BEDD-4B06-9F83-00B251C179F7}.Release|Any CPU.Build.0 = Release|Any CPU
		{652F156B-A7E8-4D49-A2BB-28C2195AF352}.Debug|Any CPU.ActiveCfg = Debug|Any CPU
		{652F156B-A7E8-4D49-A2BB-28C2195AF352}.Debug|Any CPU.Build.0 = Debug|Any CPU
		{652F156B-A7E8-4D49-A2BB-28C2195AF352}.Release|Any CPU.ActiveCfg = Release|Any CPU
		{652F156B-A7E8-4D49-A2BB-28C2195AF352}.Release|Any CPU.Build.0 = Release|Any CPU
		{023F2FF9-E21C-4885-852B-461FCCD8AC05}.Debug|Any CPU.ActiveCfg = Debug|Any CPU
		{023F2FF9-E21C-4885-852B-461FCCD8AC05}.Debug|Any CPU.Build.0 = Debug|Any CPU
		{023F2FF9-E21C-4885-852B-461FCCD8AC05}.Release|Any CPU.ActiveCfg = Release|Any CPU
		{023F2FF9-E21C-4885-852B-461FCCD8AC05}.Release|Any CPU.Build.0 = Release|Any CPU
		{C3BBFB36-08B2-497E-9371-A22531430B21}.Debug|Any CPU.ActiveCfg = Debug|Any CPU
		{C3BBFB36-08B2-497E-9371-A22531430B21}.Debug|Any CPU.Build.0 = Debug|Any CPU
		{C3BBFB36-08B2-497E-9371-A22531430B21}.Release|Any CPU.ActiveCfg = Release|Any CPU
		{C3BBFB36-08B2-497E-9371-A22531430B21}.Release|Any CPU.Build.0 = Release|Any CPU
		{586FCB37-1C07-4068-A43D-90B2675A4201}.Debug|Any CPU.ActiveCfg = Debug|Any CPU
		{586FCB37-1C07-4068-A43D-90B2675A4201}.Debug|Any CPU.Build.0 = Debug|Any CPU
		{586FCB37-1C07-4068-A43D-90B2675A4201}.Release|Any CPU.ActiveCfg = Release|Any CPU
		{586FCB37-1C07-4068-A43D-90B2675A4201}.Release|Any CPU.Build.0 = Release|Any CPU
		{690975DA-F517-4E7E-A4E0-EA17C1430A09}.Debug|Any CPU.ActiveCfg = Debug|Any CPU
		{690975DA-F517-4E7E-A4E0-EA17C1430A09}.Debug|Any CPU.Build.0 = Debug|Any CPU
		{690975DA-F517-4E7E-A4E0-EA17C1430A09}.Release|Any CPU.ActiveCfg = Release|Any CPU
		{690975DA-F517-4E7E-A4E0-EA17C1430A09}.Release|Any CPU.Build.0 = Release|Any CPU
		{7959B98C-1510-44CE-A6F3-74A55A140E36}.Debug|Any CPU.ActiveCfg = Debug|Any CPU
		{7959B98C-1510-44CE-A6F3-74A55A140E36}.Debug|Any CPU.Build.0 = Debug|Any CPU
		{7959B98C-1510-44CE-A6F3-74A55A140E36}.Release|Any CPU.ActiveCfg = Release|Any CPU
		{7959B98C-1510-44CE-A6F3-74A55A140E36}.Release|Any CPU.Build.0 = Release|Any CPU
		{43EDDBBE-130D-4E38-A0FC-01A5A120A8D8}.Debug|Any CPU.ActiveCfg = Debug|Any CPU
		{43EDDBBE-130D-4E38-A0FC-01A5A120A8D8}.Debug|Any CPU.Build.0 = Debug|Any CPU
		{43EDDBBE-130D-4E38-A0FC-01A5A120A8D8}.Release|Any CPU.ActiveCfg = Release|Any CPU
		{43EDDBBE-130D-4E38-A0FC-01A5A120A8D8}.Release|Any CPU.Build.0 = Release|Any CPU
		{7BC7207D-3250-416A-AB54-986E66DCFE4A}.Debug|Any CPU.ActiveCfg = Debug|Any CPU
		{7BC7207D-3250-416A-AB54-986E66DCFE4A}.Debug|Any CPU.Build.0 = Debug|Any CPU
		{7BC7207D-3250-416A-AB54-986E66DCFE4A}.Release|Any CPU.ActiveCfg = Release|Any CPU
		{7BC7207D-3250-416A-AB54-986E66DCFE4A}.Release|Any CPU.Build.0 = Release|Any CPU
		{12714E8A-79F0-461E-B426-742D7548F2A1}.Debug|Any CPU.ActiveCfg = Debug|Any CPU
		{12714E8A-79F0-461E-B426-742D7548F2A1}.Debug|Any CPU.Build.0 = Debug|Any CPU
		{12714E8A-79F0-461E-B426-742D7548F2A1}.Release|Any CPU.ActiveCfg = Release|Any CPU
		{12714E8A-79F0-461E-B426-742D7548F2A1}.Release|Any CPU.Build.0 = Release|Any CPU
		{A224596A-D6E8-43C2-B3E9-0F9C391F3D07}.Debug|Any CPU.ActiveCfg = Debug|Any CPU
		{A224596A-D6E8-43C2-B3E9-0F9C391F3D07}.Debug|Any CPU.Build.0 = Debug|Any CPU
		{A224596A-D6E8-43C2-B3E9-0F9C391F3D07}.Release|Any CPU.ActiveCfg = Release|Any CPU
		{A224596A-D6E8-43C2-B3E9-0F9C391F3D07}.Release|Any CPU.Build.0 = Release|Any CPU
		{234766F0-B78F-471E-93DF-B1966FA6850C}.Debug|Any CPU.ActiveCfg = Debug|Any CPU
		{234766F0-B78F-471E-93DF-B1966FA6850C}.Debug|Any CPU.Build.0 = Debug|Any CPU
		{234766F0-B78F-471E-93DF-B1966FA6850C}.Release|Any CPU.ActiveCfg = Release|Any CPU
		{234766F0-B78F-471E-93DF-B1966FA6850C}.Release|Any CPU.Build.0 = Release|Any CPU
		{7B52C03C-CA43-4BD1-AFB4-6068CF3C66D5}.Debug|Any CPU.ActiveCfg = Debug|Any CPU
		{7B52C03C-CA43-4BD1-AFB4-6068CF3C66D5}.Debug|Any CPU.Build.0 = Debug|Any CPU
		{7B52C03C-CA43-4BD1-AFB4-6068CF3C66D5}.Release|Any CPU.ActiveCfg = Release|Any CPU
		{7B52C03C-CA43-4BD1-AFB4-6068CF3C66D5}.Release|Any CPU.Build.0 = Release|Any CPU
		{EB7EAB0E-9084-4D34-B7D8-C30C9490B2A4}.Debug|Any CPU.ActiveCfg = Debug|Any CPU
		{EB7EAB0E-9084-4D34-B7D8-C30C9490B2A4}.Debug|Any CPU.Build.0 = Debug|Any CPU
		{EB7EAB0E-9084-4D34-B7D8-C30C9490B2A4}.Release|Any CPU.ActiveCfg = Release|Any CPU
		{EB7EAB0E-9084-4D34-B7D8-C30C9490B2A4}.Release|Any CPU.Build.0 = Release|Any CPU
		{68DA6BA6-FEFC-43E0-B2DE-1C2A907310F9}.Debug|Any CPU.ActiveCfg = Debug|Any CPU
		{68DA6BA6-FEFC-43E0-B2DE-1C2A907310F9}.Debug|Any CPU.Build.0 = Debug|Any CPU
		{68DA6BA6-FEFC-43E0-B2DE-1C2A907310F9}.Release|Any CPU.ActiveCfg = Release|Any CPU
		{68DA6BA6-FEFC-43E0-B2DE-1C2A907310F9}.Release|Any CPU.Build.0 = Release|Any CPU
		{5563E9C6-866F-4FD0-9247-3BECF72D4D87}.Debug|Any CPU.ActiveCfg = Debug|Any CPU
		{5563E9C6-866F-4FD0-9247-3BECF72D4D87}.Debug|Any CPU.Build.0 = Debug|Any CPU
		{5563E9C6-866F-4FD0-9247-3BECF72D4D87}.Release|Any CPU.ActiveCfg = Release|Any CPU
		{5563E9C6-866F-4FD0-9247-3BECF72D4D87}.Release|Any CPU.Build.0 = Release|Any CPU
		{4A338FBB-34BD-4B8B-9859-7434B2EF18B8}.Debug|Any CPU.ActiveCfg = Debug|Any CPU
		{4A338FBB-34BD-4B8B-9859-7434B2EF18B8}.Debug|Any CPU.Build.0 = Debug|Any CPU
		{4A338FBB-34BD-4B8B-9859-7434B2EF18B8}.Release|Any CPU.ActiveCfg = Release|Any CPU
		{4A338FBB-34BD-4B8B-9859-7434B2EF18B8}.Release|Any CPU.Build.0 = Release|Any CPU
		{FF468099-2AF0-4D90-A545-693DB5718AB2}.Debug|Any CPU.ActiveCfg = Debug|Any CPU
		{FF468099-2AF0-4D90-A545-693DB5718AB2}.Debug|Any CPU.Build.0 = Debug|Any CPU
		{FF468099-2AF0-4D90-A545-693DB5718AB2}.Release|Any CPU.ActiveCfg = Release|Any CPU
		{FF468099-2AF0-4D90-A545-693DB5718AB2}.Release|Any CPU.Build.0 = Release|Any CPU
		{7323BD0E-FF2D-448D-B53E-8313A2595527}.Debug|Any CPU.ActiveCfg = Debug|Any CPU
		{7323BD0E-FF2D-448D-B53E-8313A2595527}.Debug|Any CPU.Build.0 = Debug|Any CPU
		{7323BD0E-FF2D-448D-B53E-8313A2595527}.Release|Any CPU.ActiveCfg = Release|Any CPU
		{7323BD0E-FF2D-448D-B53E-8313A2595527}.Release|Any CPU.Build.0 = Release|Any CPU
		{40F5A949-0AA2-4449-9966-A82ED87FF3D4}.Debug|Any CPU.ActiveCfg = Debug|Any CPU
		{40F5A949-0AA2-4449-9966-A82ED87FF3D4}.Debug|Any CPU.Build.0 = Debug|Any CPU
		{40F5A949-0AA2-4449-9966-A82ED87FF3D4}.Release|Any CPU.ActiveCfg = Release|Any CPU
		{40F5A949-0AA2-4449-9966-A82ED87FF3D4}.Release|Any CPU.Build.0 = Release|Any CPU
		{2BF96757-4D8C-4674-A8B3-4E6D1C27A9EC}.Debug|Any CPU.ActiveCfg = Debug|Any CPU
		{2BF96757-4D8C-4674-A8B3-4E6D1C27A9EC}.Debug|Any CPU.Build.0 = Debug|Any CPU
		{2BF96757-4D8C-4674-A8B3-4E6D1C27A9EC}.Release|Any CPU.ActiveCfg = Release|Any CPU
		{2BF96757-4D8C-4674-A8B3-4E6D1C27A9EC}.Release|Any CPU.Build.0 = Release|Any CPU
		{19208CCC-75C4-4ACD-9EB4-9D978F969B62}.Debug|Any CPU.ActiveCfg = Debug|Any CPU
		{19208CCC-75C4-4ACD-9EB4-9D978F969B62}.Debug|Any CPU.Build.0 = Debug|Any CPU
		{19208CCC-75C4-4ACD-9EB4-9D978F969B62}.Release|Any CPU.ActiveCfg = Release|Any CPU
		{19208CCC-75C4-4ACD-9EB4-9D978F969B62}.Release|Any CPU.Build.0 = Release|Any CPU
		{7F9F1F3B-975C-4F41-9A57-709BB30575A8}.Debug|Any CPU.ActiveCfg = Debug|Any CPU
		{7F9F1F3B-975C-4F41-9A57-709BB30575A8}.Debug|Any CPU.Build.0 = Debug|Any CPU
		{7F9F1F3B-975C-4F41-9A57-709BB30575A8}.Release|Any CPU.ActiveCfg = Release|Any CPU
		{7F9F1F3B-975C-4F41-9A57-709BB30575A8}.Release|Any CPU.Build.0 = Release|Any CPU
		{18C6BA84-64C9-4F22-AB4E-40473B7E5219}.Debug|Any CPU.ActiveCfg = Debug|Any CPU
		{18C6BA84-64C9-4F22-AB4E-40473B7E5219}.Debug|Any CPU.Build.0 = Debug|Any CPU
		{18C6BA84-64C9-4F22-AB4E-40473B7E5219}.Release|Any CPU.ActiveCfg = Release|Any CPU
		{18C6BA84-64C9-4F22-AB4E-40473B7E5219}.Release|Any CPU.Build.0 = Release|Any CPU
		{17BD4B43-FB49-42C2-8D20-702308435322}.Debug|Any CPU.ActiveCfg = Debug|Any CPU
		{17BD4B43-FB49-42C2-8D20-702308435322}.Debug|Any CPU.Build.0 = Debug|Any CPU
		{17BD4B43-FB49-42C2-8D20-702308435322}.Release|Any CPU.ActiveCfg = Release|Any CPU
		{17BD4B43-FB49-42C2-8D20-702308435322}.Release|Any CPU.Build.0 = Release|Any CPU
		{EFF8E180-52F9-4116-A3F1-6886825A5DE4}.Debug|Any CPU.ActiveCfg = Debug|Any CPU
		{EFF8E180-52F9-4116-A3F1-6886825A5DE4}.Debug|Any CPU.Build.0 = Debug|Any CPU
		{EFF8E180-52F9-4116-A3F1-6886825A5DE4}.Release|Any CPU.ActiveCfg = Release|Any CPU
		{EFF8E180-52F9-4116-A3F1-6886825A5DE4}.Release|Any CPU.Build.0 = Release|Any CPU
		{599294A7-4A39-4288-A6BB-6A7E18D52DC8}.Debug|Any CPU.ActiveCfg = Debug|Any CPU
		{599294A7-4A39-4288-A6BB-6A7E18D52DC8}.Debug|Any CPU.Build.0 = Debug|Any CPU
		{599294A7-4A39-4288-A6BB-6A7E18D52DC8}.Release|Any CPU.ActiveCfg = Release|Any CPU
		{599294A7-4A39-4288-A6BB-6A7E18D52DC8}.Release|Any CPU.Build.0 = Release|Any CPU
		{AEB25079-ECF9-4498-A9D1-A19B860B7542}.Debug|Any CPU.ActiveCfg = Debug|Any CPU
		{AEB25079-ECF9-4498-A9D1-A19B860B7542}.Debug|Any CPU.Build.0 = Debug|Any CPU
		{AEB25079-ECF9-4498-A9D1-A19B860B7542}.Release|Any CPU.ActiveCfg = Release|Any CPU
		{AEB25079-ECF9-4498-A9D1-A19B860B7542}.Release|Any CPU.Build.0 = Release|Any CPU
		{A8AD312F-962D-4F0D-AC90-FB12A8B59D93}.Debug|Any CPU.ActiveCfg = Debug|Any CPU
		{A8AD312F-962D-4F0D-AC90-FB12A8B59D93}.Debug|Any CPU.Build.0 = Debug|Any CPU
		{A8AD312F-962D-4F0D-AC90-FB12A8B59D93}.Release|Any CPU.ActiveCfg = Release|Any CPU
		{A8AD312F-962D-4F0D-AC90-FB12A8B59D93}.Release|Any CPU.Build.0 = Release|Any CPU
		{A6BFD26B-48F6-4D9E-BE32-EDDAFBE6B0CE}.Debug|Any CPU.ActiveCfg = Debug|Any CPU
		{A6BFD26B-48F6-4D9E-BE32-EDDAFBE6B0CE}.Debug|Any CPU.Build.0 = Debug|Any CPU
		{A6BFD26B-48F6-4D9E-BE32-EDDAFBE6B0CE}.Release|Any CPU.ActiveCfg = Release|Any CPU
		{A6BFD26B-48F6-4D9E-BE32-EDDAFBE6B0CE}.Release|Any CPU.Build.0 = Release|Any CPU
		{F18F2123-89D1-4CF9-B21C-39474CA1F632}.Debug|Any CPU.ActiveCfg = Debug|Any CPU
		{F18F2123-89D1-4CF9-B21C-39474CA1F632}.Debug|Any CPU.Build.0 = Debug|Any CPU
		{F18F2123-89D1-4CF9-B21C-39474CA1F632}.Release|Any CPU.ActiveCfg = Release|Any CPU
		{F18F2123-89D1-4CF9-B21C-39474CA1F632}.Release|Any CPU.Build.0 = Release|Any CPU
		{F768DDB9-41D5-4581-8A1C-B0F70AD9F27B}.Debug|Any CPU.ActiveCfg = Debug|Any CPU
		{F768DDB9-41D5-4581-8A1C-B0F70AD9F27B}.Debug|Any CPU.Build.0 = Debug|Any CPU
		{F768DDB9-41D5-4581-8A1C-B0F70AD9F27B}.Release|Any CPU.ActiveCfg = Release|Any CPU
		{F768DDB9-41D5-4581-8A1C-B0F70AD9F27B}.Release|Any CPU.Build.0 = Release|Any CPU
		{0924A118-6CC7-469B-B711-F161A3F97CC0}.Debug|Any CPU.ActiveCfg = Debug|Any CPU
		{0924A118-6CC7-469B-B711-F161A3F97CC0}.Debug|Any CPU.Build.0 = Debug|Any CPU
		{0924A118-6CC7-469B-B711-F161A3F97CC0}.Release|Any CPU.ActiveCfg = Release|Any CPU
		{0924A118-6CC7-469B-B711-F161A3F97CC0}.Release|Any CPU.Build.0 = Release|Any CPU
		{47813458-E70C-48D8-9F10-7C9F1A6A9E59}.Debug|Any CPU.ActiveCfg = Debug|Any CPU
		{47813458-E70C-48D8-9F10-7C9F1A6A9E59}.Debug|Any CPU.Build.0 = Debug|Any CPU
		{47813458-E70C-48D8-9F10-7C9F1A6A9E59}.Release|Any CPU.ActiveCfg = Release|Any CPU
		{47813458-E70C-48D8-9F10-7C9F1A6A9E59}.Release|Any CPU.Build.0 = Release|Any CPU
		{BE456959-5382-48AF-BDB2-265FC2C5D8B2}.Debug|Any CPU.ActiveCfg = Debug|Any CPU
		{BE456959-5382-48AF-BDB2-265FC2C5D8B2}.Debug|Any CPU.Build.0 = Debug|Any CPU
		{BE456959-5382-48AF-BDB2-265FC2C5D8B2}.Release|Any CPU.ActiveCfg = Release|Any CPU
		{BE456959-5382-48AF-BDB2-265FC2C5D8B2}.Release|Any CPU.Build.0 = Release|Any CPU
		{5BC32657-E666-4A78-B6D4-1CA9909812CD}.Debug|Any CPU.ActiveCfg = Debug|Any CPU
		{5BC32657-E666-4A78-B6D4-1CA9909812CD}.Debug|Any CPU.Build.0 = Debug|Any CPU
		{5BC32657-E666-4A78-B6D4-1CA9909812CD}.Release|Any CPU.ActiveCfg = Release|Any CPU
		{5BC32657-E666-4A78-B6D4-1CA9909812CD}.Release|Any CPU.Build.0 = Release|Any CPU
		{7999F7C5-073D-423A-9866-5D2B7F1CA86E}.Debug|Any CPU.ActiveCfg = Debug|Any CPU
		{7999F7C5-073D-423A-9866-5D2B7F1CA86E}.Debug|Any CPU.Build.0 = Debug|Any CPU
		{7999F7C5-073D-423A-9866-5D2B7F1CA86E}.Release|Any CPU.ActiveCfg = Release|Any CPU
		{7999F7C5-073D-423A-9866-5D2B7F1CA86E}.Release|Any CPU.Build.0 = Release|Any CPU
		{8E7E864C-4D74-4BA1-A331-CB121ED4A718}.Debug|Any CPU.ActiveCfg = Debug|Any CPU
		{8E7E864C-4D74-4BA1-A331-CB121ED4A718}.Debug|Any CPU.Build.0 = Debug|Any CPU
		{8E7E864C-4D74-4BA1-A331-CB121ED4A718}.Release|Any CPU.ActiveCfg = Release|Any CPU
		{8E7E864C-4D74-4BA1-A331-CB121ED4A718}.Release|Any CPU.Build.0 = Release|Any CPU
		{8E476ACF-8E9D-4A33-B8DF-F17B7B9C3C80}.Debug|Any CPU.ActiveCfg = Debug|Any CPU
		{8E476ACF-8E9D-4A33-B8DF-F17B7B9C3C80}.Debug|Any CPU.Build.0 = Debug|Any CPU
		{8E476ACF-8E9D-4A33-B8DF-F17B7B9C3C80}.Release|Any CPU.ActiveCfg = Release|Any CPU
		{8E476ACF-8E9D-4A33-B8DF-F17B7B9C3C80}.Release|Any CPU.Build.0 = Release|Any CPU
		{9FADF907-607D-4F92-8674-2A9F7F667980}.Debug|Any CPU.ActiveCfg = Debug|Any CPU
		{9FADF907-607D-4F92-8674-2A9F7F667980}.Debug|Any CPU.Build.0 = Debug|Any CPU
		{9FADF907-607D-4F92-8674-2A9F7F667980}.Release|Any CPU.ActiveCfg = Release|Any CPU
		{9FADF907-607D-4F92-8674-2A9F7F667980}.Release|Any CPU.Build.0 = Release|Any CPU
		{6C1ADEC9-03B0-4BB7-A56D-3C960B8AEC5B}.Debug|Any CPU.ActiveCfg = Debug|Any CPU
		{6C1ADEC9-03B0-4BB7-A56D-3C960B8AEC5B}.Debug|Any CPU.Build.0 = Debug|Any CPU
		{6C1ADEC9-03B0-4BB7-A56D-3C960B8AEC5B}.Release|Any CPU.ActiveCfg = Release|Any CPU
		{6C1ADEC9-03B0-4BB7-A56D-3C960B8AEC5B}.Release|Any CPU.Build.0 = Release|Any CPU
		{0F5DDF57-2B40-48E3-9348-48049C900A0D}.Debug|Any CPU.ActiveCfg = Debug|Any CPU
		{0F5DDF57-2B40-48E3-9348-48049C900A0D}.Debug|Any CPU.Build.0 = Debug|Any CPU
		{0F5DDF57-2B40-48E3-9348-48049C900A0D}.Release|Any CPU.ActiveCfg = Release|Any CPU
		{0F5DDF57-2B40-48E3-9348-48049C900A0D}.Release|Any CPU.Build.0 = Release|Any CPU
		{1FD018A4-3190-4315-9E72-14F0B14A0688}.Debug|Any CPU.ActiveCfg = Debug|Any CPU
		{1FD018A4-3190-4315-9E72-14F0B14A0688}.Debug|Any CPU.Build.0 = Debug|Any CPU
		{1FD018A4-3190-4315-9E72-14F0B14A0688}.Release|Any CPU.ActiveCfg = Release|Any CPU
		{1FD018A4-3190-4315-9E72-14F0B14A0688}.Release|Any CPU.Build.0 = Release|Any CPU
		{4E586EB6-EC01-49C1-9321-7344DB1333E4}.Debug|Any CPU.ActiveCfg = Debug|Any CPU
		{4E586EB6-EC01-49C1-9321-7344DB1333E4}.Debug|Any CPU.Build.0 = Debug|Any CPU
		{4E586EB6-EC01-49C1-9321-7344DB1333E4}.Release|Any CPU.ActiveCfg = Release|Any CPU
		{4E586EB6-EC01-49C1-9321-7344DB1333E4}.Release|Any CPU.Build.0 = Release|Any CPU
		{13E70725-B0C0-4B5E-A21F-EABE59AF82E3}.Debug|Any CPU.ActiveCfg = Debug|Any CPU
		{13E70725-B0C0-4B5E-A21F-EABE59AF82E3}.Debug|Any CPU.Build.0 = Debug|Any CPU
		{13E70725-B0C0-4B5E-A21F-EABE59AF82E3}.Release|Any CPU.ActiveCfg = Release|Any CPU
		{13E70725-B0C0-4B5E-A21F-EABE59AF82E3}.Release|Any CPU.Build.0 = Release|Any CPU
		{E8BEA717-7E18-4571-B581-18EB65B2D44F}.Debug|Any CPU.ActiveCfg = Debug|Any CPU
		{E8BEA717-7E18-4571-B581-18EB65B2D44F}.Debug|Any CPU.Build.0 = Debug|Any CPU
		{E8BEA717-7E18-4571-B581-18EB65B2D44F}.Release|Any CPU.ActiveCfg = Release|Any CPU
		{E8BEA717-7E18-4571-B581-18EB65B2D44F}.Release|Any CPU.Build.0 = Release|Any CPU
		{5B1F2F8B-1F51-491B-A45D-D3936B47BDC7}.Debug|Any CPU.ActiveCfg = Debug|Any CPU
		{5B1F2F8B-1F51-491B-A45D-D3936B47BDC7}.Debug|Any CPU.Build.0 = Debug|Any CPU
		{5B1F2F8B-1F51-491B-A45D-D3936B47BDC7}.Release|Any CPU.ActiveCfg = Release|Any CPU
		{5B1F2F8B-1F51-491B-A45D-D3936B47BDC7}.Release|Any CPU.Build.0 = Release|Any CPU
		{0DA272C4-2249-40AF-BF96-215721B3A790}.Debug|Any CPU.ActiveCfg = Debug|Any CPU
		{0DA272C4-2249-40AF-BF96-215721B3A790}.Debug|Any CPU.Build.0 = Debug|Any CPU
		{0DA272C4-2249-40AF-BF96-215721B3A790}.Release|Any CPU.ActiveCfg = Release|Any CPU
		{0DA272C4-2249-40AF-BF96-215721B3A790}.Release|Any CPU.Build.0 = Release|Any CPU
		{9D34C756-DBE7-4376-877B-1636EC384872}.Debug|Any CPU.ActiveCfg = Debug|Any CPU
		{9D34C756-DBE7-4376-877B-1636EC384872}.Debug|Any CPU.Build.0 = Debug|Any CPU
		{9D34C756-DBE7-4376-877B-1636EC384872}.Release|Any CPU.ActiveCfg = Release|Any CPU
		{9D34C756-DBE7-4376-877B-1636EC384872}.Release|Any CPU.Build.0 = Release|Any CPU
		{4CFCED7A-776A-4C85-B3B0-DDD04B99FE9E}.Debug|Any CPU.ActiveCfg = Debug|Any CPU
		{4CFCED7A-776A-4C85-B3B0-DDD04B99FE9E}.Debug|Any CPU.Build.0 = Debug|Any CPU
		{4CFCED7A-776A-4C85-B3B0-DDD04B99FE9E}.Release|Any CPU.ActiveCfg = Release|Any CPU
		{4CFCED7A-776A-4C85-B3B0-DDD04B99FE9E}.Release|Any CPU.Build.0 = Release|Any CPU
		{1888A879-7BFB-45D7-AC25-C688F3D0A45B}.Debug|Any CPU.ActiveCfg = Debug|Any CPU
		{1888A879-7BFB-45D7-AC25-C688F3D0A45B}.Debug|Any CPU.Build.0 = Debug|Any CPU
		{1888A879-7BFB-45D7-AC25-C688F3D0A45B}.Release|Any CPU.ActiveCfg = Release|Any CPU
		{1888A879-7BFB-45D7-AC25-C688F3D0A45B}.Release|Any CPU.Build.0 = Release|Any CPU
		{0DAB6F6A-8987-443D-B056-4F465300A5E3}.Debug|Any CPU.ActiveCfg = Debug|Any CPU
		{0DAB6F6A-8987-443D-B056-4F465300A5E3}.Debug|Any CPU.Build.0 = Debug|Any CPU
		{0DAB6F6A-8987-443D-B056-4F465300A5E3}.Release|Any CPU.ActiveCfg = Release|Any CPU
		{0DAB6F6A-8987-443D-B056-4F465300A5E3}.Release|Any CPU.Build.0 = Release|Any CPU
		{386546DE-B6E9-48DD-8B8D-E4A13EF37293}.Debug|Any CPU.ActiveCfg = Debug|Any CPU
		{386546DE-B6E9-48DD-8B8D-E4A13EF37293}.Debug|Any CPU.Build.0 = Debug|Any CPU
		{386546DE-B6E9-48DD-8B8D-E4A13EF37293}.Release|Any CPU.ActiveCfg = Release|Any CPU
		{386546DE-B6E9-48DD-8B8D-E4A13EF37293}.Release|Any CPU.Build.0 = Release|Any CPU
		{C020AB6B-BF62-4834-90DB-18187CC542B5}.Debug|Any CPU.ActiveCfg = Debug|Any CPU
		{C020AB6B-BF62-4834-90DB-18187CC542B5}.Debug|Any CPU.Build.0 = Debug|Any CPU
		{C020AB6B-BF62-4834-90DB-18187CC542B5}.Release|Any CPU.ActiveCfg = Release|Any CPU
		{C020AB6B-BF62-4834-90DB-18187CC542B5}.Release|Any CPU.Build.0 = Release|Any CPU
		{2F63D04C-0965-4792-AA7F-6EF4435AE334}.Debug|Any CPU.ActiveCfg = Debug|Any CPU
		{2F63D04C-0965-4792-AA7F-6EF4435AE334}.Debug|Any CPU.Build.0 = Debug|Any CPU
		{2F63D04C-0965-4792-AA7F-6EF4435AE334}.Release|Any CPU.ActiveCfg = Release|Any CPU
		{2F63D04C-0965-4792-AA7F-6EF4435AE334}.Release|Any CPU.Build.0 = Release|Any CPU
		{DEE2EE0F-AEE4-4BB2-9312-E90CC2309447}.Debug|Any CPU.ActiveCfg = Debug|Any CPU
		{DEE2EE0F-AEE4-4BB2-9312-E90CC2309447}.Debug|Any CPU.Build.0 = Debug|Any CPU
		{DEE2EE0F-AEE4-4BB2-9312-E90CC2309447}.Release|Any CPU.ActiveCfg = Release|Any CPU
		{DEE2EE0F-AEE4-4BB2-9312-E90CC2309447}.Release|Any CPU.Build.0 = Release|Any CPU
	EndGlobalSection
	GlobalSection(SolutionProperties) = preSolution
		HideSolutionNode = FALSE
	EndGlobalSection
	GlobalSection(ExtensibilityGlobals) = postSolution
		SolutionGuid = {BF3322AA-8ABC-42D3-A278-DA0C5DEAA603}
	EndGlobalSection
EndGlobal
