
Microsoft Visual Studio Solution File, Format Version 12.00
# Visual Studio Version 16
VisualStudioVersion = 16.0.29009.5
MinimumVisualStudioVersion = 10.0.40219.1
Project("{FAE04EC0-301F-11D3-BF4B-00C04F79EFBC}") = "00_HelloWorld", "00_HelloWorld.csproj", "{18143E8B-E72A-49B6-AE4F-3316C6BB409D}"
EndProject
Project("{FAE04EC0-301F-11D3-BF4B-00C04F79EFBC}") = "01_计算机的基本实现", "..\01_计算机的基本实现\01_计算机的基本实现.csproj", "{A76B72BA-9ECA-4E5B-BC1D-C6521BB1D947}"
EndProject
Global
	GlobalSection(SolutionConfigurationPlatforms) = preSolution
		Debug|Any CPU = Debug|Any CPU
		Release|Any CPU = Release|Any CPU
	EndGlobalSection
	GlobalSection(ProjectConfigurationPlatforms) = postSolution
		{18143E8B-E72A-49B6-AE4F-3316C6BB409D}.Debug|Any CPU.ActiveCfg = Debug|Any CPU
		{18143E8B-E72A-49B6-AE4F-3316C6BB409D}.Debug|Any CPU.Build.0 = Debug|Any CPU
		{18143E8B-E72A-49B6-AE4F-3316C6BB409D}.Release|Any CPU.ActiveCfg = Release|Any CPU
		{18143E8B-E72A-49B6-AE4F-3316C6BB409D}.Release|Any CPU.Build.0 = Release|Any CPU
		{A76B72BA-9ECA-4E5B-BC1D-C6521BB1D947}.Debug|Any CPU.ActiveCfg = Debug|Any CPU
		{A76B72BA-9ECA-4E5B-BC1D-C6521BB1D947}.Debug|Any CPU.Build.0 = Debug|Any CPU
		{A76B72BA-9ECA-4E5B-BC1D-C6521BB1D947}.Release|Any CPU.ActiveCfg = Release|Any CPU
		{A76B72BA-9ECA-4E5B-BC1D-C6521BB1D947}.Release|Any CPU.Build.0 = Release|Any CPU
	EndGlobalSection
	GlobalSection(SolutionProperties) = preSolution
		HideSolutionNode = FALSE
	EndGlobalSection
	GlobalSection(ExtensibilityGlobals) = postSolution
		SolutionGuid = {DE5FF58A-6F93-4E05-BA98-4133ACFE3598}
	EndGlobalSection
EndGlobal
